github.com/blizzy78/gotimeseries v0.2.0 h1:Iw/TyVfgqI0FptL+us7ya7j8hp6PA8/EUXaArAx0Z1E=
github.com/blizzy78/gotimeseries v0.2.0/go.mod h1:7u8CuNxo+3pDgRSRp3LQWWWHKOrAzTJ00ESvYLUSLI8=
github.com/matryer/is v1.4.1 h1:55ehd8zaGABKLXQUe2awZ99BD/PTc2ls+KV/dXphgEQ=
github.com/matryer/is v1.4.1/go.mod h1:8I/i5uYgLzgsgEloJE1U6xx5HkBQpAZvepWuujKwMRU=
