github.com/blizzy78/gotimeseries v0.1.1 h1:9sX2qHyma9DbW5kmPMHSg+U2OMTWDhQmPM6eoHbYwCs=
github.com/blizzy78/gotimeseries v0.1.1/go.mod h1:Oudrw86XYp4J9hDuhkISqUxs0V8bvd9CX1HpNAFXvkE=
github.com/matryer/is v1.4.1 h1:55ehd8zaGABKLXQUe2awZ99BD/PTc2ls+KV/dXphgEQ=
github.com/matryer/is v1.4.1/go.mod h1:8I/i5uYgLzgsgEloJE1U6xx5HkBQpAZvepWuujKwMRU=
